// !$*UTF8*$!
{
	archiveVersion = 1;
	classes = {
	};
	objectVersion = 56;
	objects = {

/* Begin PBXBuildFile section */
		8D09DAC62C63E3B50096E2E6 /* AppDelegate.swift in Sources */ = {isa = PBXBuildFile; fileRef = 8D09DAC52C63E3B50096E2E6 /* AppDelegate.swift */; };
		8D09DAC82C63E3B50096E2E6 /* SceneDelegate.swift in Sources */ = {isa = PBXBuildFile; fileRef = 8D09DAC72C63E3B50096E2E6 /* SceneDelegate.swift */; };
		8D09DACA2C63E3B50096E2E6 /* LoginMainScene.swift in Sources */ = {isa = PBXBuildFile; fileRef = 8D09DAC92C63E3B50096E2E6 /* LoginMainScene.swift */; };
		8D09DACF2C63E3B60096E2E6 /* Assets.xcassets in Resources */ = {isa = PBXBuildFile; fileRef = 8D09DACE2C63E3B60096E2E6 /* Assets.xcassets */; };
		8D09DADD2C63E3B60096E2E6 /* twitter_uikitTests.swift in Sources */ = {isa = PBXBuildFile; fileRef = 8D09DADC2C63E3B60096E2E6 /* twitter_uikitTests.swift */; };
		8D09DAE72C63E3B60096E2E6 /* twitter_uikitUITests.swift in Sources */ = {isa = PBXBuildFile; fileRef = 8D09DAE62C63E3B60096E2E6 /* twitter_uikitUITests.swift */; };
		8D09DAE92C63E3B60096E2E6 /* twitter_uikitUITestsLaunchTests.swift in Sources */ = {isa = PBXBuildFile; fileRef = 8D09DAE82C63E3B60096E2E6 /* twitter_uikitUITestsLaunchTests.swift */; };
		8D09DAFD2C64C0380096E2E6 /* LoginSceneModel.swift in Sources */ = {isa = PBXBuildFile; fileRef = 8D09DAFC2C64C0380096E2E6 /* LoginSceneModel.swift */; };
		8D09DB002C64C0770096E2E6 /* TwitterModel.swift in Sources */ = {isa = PBXBuildFile; fileRef = 8D09DAFF2C64C0770096E2E6 /* TwitterModel.swift */; };
		8D09DB052C64C5F40096E2E6 /* MainVisibilityScene.swift in Sources */ = {isa = PBXBuildFile; fileRef = 8D09DB042C64C5F40096E2E6 /* MainVisibilityScene.swift */; };
		8D09DB072C64C7FB0096E2E6 /* MainVisibilityViewModel.swift in Sources */ = {isa = PBXBuildFile; fileRef = 8D09DB062C64C7FB0096E2E6 /* MainVisibilityViewModel.swift */; };
		8D09DB0B2C64E9D30096E2E6 /* FontExtension.swift in Sources */ = {isa = PBXBuildFile; fileRef = 8D09DB0A2C64E9D30096E2E6 /* FontExtension.swift */; };
		8D09DB0D2C64EA870096E2E6 /* ColorExtension.swift in Sources */ = {isa = PBXBuildFile; fileRef = 8D09DB0C2C64EA870096E2E6 /* ColorExtension.swift */; };
		8D09DB0F2C6520F50096E2E6 /* Localizable.swift in Sources */ = {isa = PBXBuildFile; fileRef = 8D09DB0E2C6520F50096E2E6 /* Localizable.swift */; };
		8D09DB122C65233B0096E2E6 /* Localizable.strings in Resources */ = {isa = PBXBuildFile; fileRef = 8D09DB102C65233B0096E2E6 /* Localizable.strings */; };
/* End PBXBuildFile section */

/* Begin PBXContainerItemProxy section */
		8D09DAD92C63E3B60096E2E6 /* PBXContainerItemProxy */ = {
			isa = PBXContainerItemProxy;
			containerPortal = 8D09DABA2C63E3B50096E2E6 /* Project object */;
			proxyType = 1;
			remoteGlobalIDString = 8D09DAC12C63E3B50096E2E6;
			remoteInfo = twitter_uikit;
		};
		8D09DAE32C63E3B60096E2E6 /* PBXContainerItemProxy */ = {
			isa = PBXContainerItemProxy;
			containerPortal = 8D09DABA2C63E3B50096E2E6 /* Project object */;
			proxyType = 1;
			remoteGlobalIDString = 8D09DAC12C63E3B50096E2E6;
			remoteInfo = twitter_uikit;
		};
/* End PBXContainerItemProxy section */

/* Begin PBXFileReference section */
		8D09DAC22C63E3B50096E2E6 /* twitter_uikit.app */ = {isa = PBXFileReference; explicitFileType = wrapper.application; includeInIndex = 0; path = twitter_uikit.app; sourceTree = BUILT_PRODUCTS_DIR; };
		8D09DAC52C63E3B50096E2E6 /* AppDelegate.swift */ = {isa = PBXFileReference; lastKnownFileType = sourcecode.swift; path = AppDelegate.swift; sourceTree = "<group>"; };
		8D09DAC72C63E3B50096E2E6 /* SceneDelegate.swift */ = {isa = PBXFileReference; lastKnownFileType = sourcecode.swift; path = SceneDelegate.swift; sourceTree = "<group>"; };
		8D09DAC92C63E3B50096E2E6 /* LoginMainScene.swift */ = {isa = PBXFileReference; lastKnownFileType = sourcecode.swift; path = LoginMainScene.swift; sourceTree = "<group>"; };
		8D09DACE2C63E3B60096E2E6 /* Assets.xcassets */ = {isa = PBXFileReference; lastKnownFileType = folder.assetcatalog; path = Assets.xcassets; sourceTree = "<group>"; };
		8D09DAD32C63E3B60096E2E6 /* Info.plist */ = {isa = PBXFileReference; lastKnownFileType = text.plist.xml; path = Info.plist; sourceTree = "<group>"; };
		8D09DAD82C63E3B60096E2E6 /* twitter_uikitTests.xctest */ = {isa = PBXFileReference; explicitFileType = wrapper.cfbundle; includeInIndex = 0; path = twitter_uikitTests.xctest; sourceTree = BUILT_PRODUCTS_DIR; };
		8D09DADC2C63E3B60096E2E6 /* twitter_uikitTests.swift */ = {isa = PBXFileReference; lastKnownFileType = sourcecode.swift; path = twitter_uikitTests.swift; sourceTree = "<group>"; };
		8D09DAE22C63E3B60096E2E6 /* twitter_uikitUITests.xctest */ = {isa = PBXFileReference; explicitFileType = wrapper.cfbundle; includeInIndex = 0; path = twitter_uikitUITests.xctest; sourceTree = BUILT_PRODUCTS_DIR; };
		8D09DAE62C63E3B60096E2E6 /* twitter_uikitUITests.swift */ = {isa = PBXFileReference; lastKnownFileType = sourcecode.swift; path = twitter_uikitUITests.swift; sourceTree = "<group>"; };
		8D09DAE82C63E3B60096E2E6 /* twitter_uikitUITestsLaunchTests.swift */ = {isa = PBXFileReference; lastKnownFileType = sourcecode.swift; path = twitter_uikitUITestsLaunchTests.swift; sourceTree = "<group>"; };
		8D09DAFC2C64C0380096E2E6 /* LoginSceneModel.swift */ = {isa = PBXFileReference; lastKnownFileType = sourcecode.swift; path = LoginSceneModel.swift; sourceTree = "<group>"; };
		8D09DAFF2C64C0770096E2E6 /* TwitterModel.swift */ = {isa = PBXFileReference; lastKnownFileType = sourcecode.swift; path = TwitterModel.swift; sourceTree = "<group>"; };
		8D09DB042C64C5F40096E2E6 /* MainVisibilityScene.swift */ = {isa = PBXFileReference; lastKnownFileType = sourcecode.swift; path = MainVisibilityScene.swift; sourceTree = "<group>"; };
		8D09DB062C64C7FB0096E2E6 /* MainVisibilityViewModel.swift */ = {isa = PBXFileReference; lastKnownFileType = sourcecode.swift; path = MainVisibilityViewModel.swift; sourceTree = "<group>"; };
		8D09DB0A2C64E9D30096E2E6 /* FontExtension.swift */ = {isa = PBXFileReference; lastKnownFileType = sourcecode.swift; path = FontExtension.swift; sourceTree = "<group>"; };
		8D09DB0C2C64EA870096E2E6 /* ColorExtension.swift */ = {isa = PBXFileReference; lastKnownFileType = sourcecode.swift; path = ColorExtension.swift; sourceTree = "<group>"; };
		8D09DB0E2C6520F50096E2E6 /* Localizable.swift */ = {isa = PBXFileReference; lastKnownFileType = sourcecode.swift; path = Localizable.swift; sourceTree = "<group>"; };
		8D09DB112C65233B0096E2E6 /* en */ = {isa = PBXFileReference; lastKnownFileType = text.plist.strings; name = en; path = en.lproj/Localizable.strings; sourceTree = "<group>"; };
		8D09DB132C6523410096E2E6 /* ru */ = {isa = PBXFileReference; lastKnownFileType = text.plist.strings; name = ru; path = ru.lproj/Localizable.strings; sourceTree = "<group>"; };
/* End PBXFileReference section */

/* Begin PBXFrameworksBuildPhase section */
		8D09DABF2C63E3B50096E2E6 /* Frameworks */ = {
			isa = PBXFrameworksBuildPhase;
			buildActionMask = 2147483647;
			files = (
			);
			runOnlyForDeploymentPostprocessing = 0;
		};
		8D09DAD52C63E3B60096E2E6 /* Frameworks */ = {
			isa = PBXFrameworksBuildPhase;
			buildActionMask = 2147483647;
			files = (
			);
			runOnlyForDeploymentPostprocessing = 0;
		};
		8D09DADF2C63E3B60096E2E6 /* Frameworks */ = {
			isa = PBXFrameworksBuildPhase;
			buildActionMask = 2147483647;
			files = (
			);
			runOnlyForDeploymentPostprocessing = 0;
		};
/* End PBXFrameworksBuildPhase section */

/* Begin PBXGroup section */
		8D09DAB92C63E3B50096E2E6 = {
			isa = PBXGroup;
			children = (
				8D09DAC42C63E3B50096E2E6 /* twitter_uikit */,
				8D09DADB2C63E3B60096E2E6 /* twitter_uikitTests */,
				8D09DAE52C63E3B60096E2E6 /* twitter_uikitUITests */,
				8D09DAC32C63E3B50096E2E6 /* Products */,
			);
			sourceTree = "<group>";
		};
		8D09DAC32C63E3B50096E2E6 /* Products */ = {
			isa = PBXGroup;
			children = (
				8D09DAC22C63E3B50096E2E6 /* twitter_uikit.app */,
				8D09DAD82C63E3B60096E2E6 /* twitter_uikitTests.xctest */,
				8D09DAE22C63E3B60096E2E6 /* twitter_uikitUITests.xctest */,
			);
			name = Products;
			sourceTree = "<group>";
		};
		8D09DAC42C63E3B50096E2E6 /* twitter_uikit */ = {
			isa = PBXGroup;
			children = (
				8D09DAF62C63E5830096E2E6 /* Application */,
				8D09DAF72C63E58D0096E2E6 /* Presentation */,
				8D09DAFE2C64C05E0096E2E6 /* Model */,
				8D09DB082C64E9BB0096E2E6 /* Extension */,
				8D09DAF52C63E43B0096E2E6 /* Resources */,
			);
			path = twitter_uikit;
			sourceTree = "<group>";
		};
		8D09DADB2C63E3B60096E2E6 /* twitter_uikitTests */ = {
			isa = PBXGroup;
			children = (
				8D09DADC2C63E3B60096E2E6 /* twitter_uikitTests.swift */,
			);
			path = twitter_uikitTests;
			sourceTree = "<group>";
		};
		8D09DAE52C63E3B60096E2E6 /* twitter_uikitUITests */ = {
			isa = PBXGroup;
			children = (
				8D09DAE62C63E3B60096E2E6 /* twitter_uikitUITests.swift */,
				8D09DAE82C63E3B60096E2E6 /* twitter_uikitUITestsLaunchTests.swift */,
			);
			path = twitter_uikitUITests;
			sourceTree = "<group>";
		};
		8D09DAF52C63E43B0096E2E6 /* Resources */ = {
			isa = PBXGroup;
			children = (
				8D09DB102C65233B0096E2E6 /* Localizable.strings */,
				8D09DACE2C63E3B60096E2E6 /* Assets.xcassets */,
				8D09DAD32C63E3B60096E2E6 /* Info.plist */,
			);
			path = Resources;
			sourceTree = "<group>";
		};
		8D09DAF62C63E5830096E2E6 /* Application */ = {
			isa = PBXGroup;
			children = (
				8D09DAC52C63E3B50096E2E6 /* AppDelegate.swift */,
				8D09DAC72C63E3B50096E2E6 /* SceneDelegate.swift */,
			);
			path = Application;
			sourceTree = "<group>";
		};
		8D09DAF72C63E58D0096E2E6 /* Presentation */ = {
			isa = PBXGroup;
			children = (
				8D09DB012C64C59E0096E2E6 /* MainVisibilityScene */,
				8D09DAF92C63E5E10096E2E6 /* LoginScene */,
			);
			path = Presentation;
			sourceTree = "<group>";
		};
		8D09DAF92C63E5E10096E2E6 /* LoginScene */ = {
			isa = PBXGroup;
			children = (
				8D09DAFA2C63E5E70096E2E6 /* ViewModel */,
				8D09DAFB2C63E5EB0096E2E6 /* View */,
			);
			path = LoginScene;
			sourceTree = "<group>";
		};
		8D09DAFA2C63E5E70096E2E6 /* ViewModel */ = {
			isa = PBXGroup;
			children = (
				8D09DAFC2C64C0380096E2E6 /* LoginSceneModel.swift */,
			);
			path = ViewModel;
			sourceTree = "<group>";
		};
		8D09DAFB2C63E5EB0096E2E6 /* View */ = {
			isa = PBXGroup;
			children = (
				8D09DAC92C63E3B50096E2E6 /* LoginMainScene.swift */,
			);
			path = View;
			sourceTree = "<group>";
		};
		8D09DAFE2C64C05E0096E2E6 /* Model */ = {
			isa = PBXGroup;
			children = (
				8D09DAFF2C64C0770096E2E6 /* TwitterModel.swift */,
			);
			path = Model;
			sourceTree = "<group>";
		};
		8D09DB012C64C59E0096E2E6 /* MainVisibilityScene */ = {
			isa = PBXGroup;
			children = (
				8D09DB022C64C5BF0096E2E6 /* ViewModel */,
				8D09DB032C64C5C90096E2E6 /* View */,
			);
			path = MainVisibilityScene;
			sourceTree = "<group>";
		};
		8D09DB022C64C5BF0096E2E6 /* ViewModel */ = {
			isa = PBXGroup;
			children = (
				8D09DB062C64C7FB0096E2E6 /* MainVisibilityViewModel.swift */,
			);
			path = ViewModel;
			sourceTree = "<group>";
		};
		8D09DB032C64C5C90096E2E6 /* View */ = {
			isa = PBXGroup;
			children = (
				8D09DB042C64C5F40096E2E6 /* MainVisibilityScene.swift */,
			);
			path = View;
			sourceTree = "<group>";
		};
		8D09DB082C64E9BB0096E2E6 /* Extension */ = {
			isa = PBXGroup;
			children = (
				8D09DB0A2C64E9D30096E2E6 /* FontExtension.swift */,
				8D09DB0C2C64EA870096E2E6 /* ColorExtension.swift */,
				8D09DB0E2C6520F50096E2E6 /* Localizable.swift */,
			);
			path = Extension;
			sourceTree = "<group>";
		};
/* End PBXGroup section */

/* Begin PBXNativeTarget section */
		8D09DAC12C63E3B50096E2E6 /* twitter_uikit */ = {
			isa = PBXNativeTarget;
			buildConfigurationList = 8D09DAEC2C63E3B60096E2E6 /* Build configuration list for PBXNativeTarget "twitter_uikit" */;
			buildPhases = (
				8D09DABE2C63E3B50096E2E6 /* Sources */,
				8D09DABF2C63E3B50096E2E6 /* Frameworks */,
				8D09DAC02C63E3B50096E2E6 /* Resources */,
			);
			buildRules = (
			);
			dependencies = (
			);
			name = twitter_uikit;
			productName = twitter_uikit;
			productReference = 8D09DAC22C63E3B50096E2E6 /* twitter_uikit.app */;
			productType = "com.apple.product-type.application";
		};
		8D09DAD72C63E3B60096E2E6 /* twitter_uikitTests */ = {
			isa = PBXNativeTarget;
			buildConfigurationList = 8D09DAEF2C63E3B60096E2E6 /* Build configuration list for PBXNativeTarget "twitter_uikitTests" */;
			buildPhases = (
				8D09DAD42C63E3B60096E2E6 /* Sources */,
				8D09DAD52C63E3B60096E2E6 /* Frameworks */,
				8D09DAD62C63E3B60096E2E6 /* Resources */,
			);
			buildRules = (
			);
			dependencies = (
				8D09DADA2C63E3B60096E2E6 /* PBXTargetDependency */,
			);
			name = twitter_uikitTests;
			productName = twitter_uikitTests;
			productReference = 8D09DAD82C63E3B60096E2E6 /* twitter_uikitTests.xctest */;
			productType = "com.apple.product-type.bundle.unit-test";
		};
		8D09DAE12C63E3B60096E2E6 /* twitter_uikitUITests */ = {
			isa = PBXNativeTarget;
			buildConfigurationList = 8D09DAF22C63E3B60096E2E6 /* Build configuration list for PBXNativeTarget "twitter_uikitUITests" */;
			buildPhases = (
				8D09DADE2C63E3B60096E2E6 /* Sources */,
				8D09DADF2C63E3B60096E2E6 /* Frameworks */,
				8D09DAE02C63E3B60096E2E6 /* Resources */,
			);
			buildRules = (
			);
			dependencies = (
				8D09DAE42C63E3B60096E2E6 /* PBXTargetDependency */,
			);
			name = twitter_uikitUITests;
			productName = twitter_uikitUITests;
			productReference = 8D09DAE22C63E3B60096E2E6 /* twitter_uikitUITests.xctest */;
			productType = "com.apple.product-type.bundle.ui-testing";
		};
/* End PBXNativeTarget section */

/* Begin PBXProject section */
		8D09DABA2C63E3B50096E2E6 /* Project object */ = {
			isa = PBXProject;
			attributes = {
				BuildIndependentTargetsInParallel = 1;
				LastSwiftUpdateCheck = 1540;
				LastUpgradeCheck = 1540;
				TargetAttributes = {
					8D09DAC12C63E3B50096E2E6 = {
						CreatedOnToolsVersion = 15.4;
					};
					8D09DAD72C63E3B60096E2E6 = {
						CreatedOnToolsVersion = 15.4;
						TestTargetID = 8D09DAC12C63E3B50096E2E6;
					};
					8D09DAE12C63E3B60096E2E6 = {
						CreatedOnToolsVersion = 15.4;
						TestTargetID = 8D09DAC12C63E3B50096E2E6;
					};
				};
			};
			buildConfigurationList = 8D09DABD2C63E3B50096E2E6 /* Build configuration list for PBXProject "twitter_uikit" */;
			compatibilityVersion = "Xcode 14.0";
			developmentRegion = en;
			hasScannedForEncodings = 0;
			knownRegions = (
				en,
				ru,
				Base,
			);
			mainGroup = 8D09DAB92C63E3B50096E2E6;
			productRefGroup = 8D09DAC32C63E3B50096E2E6 /* Products */;
			projectDirPath = "";
			projectRoot = "";
			targets = (
				8D09DAC12C63E3B50096E2E6 /* twitter_uikit */,
				8D09DAD72C63E3B60096E2E6 /* twitter_uikitTests */,
				8D09DAE12C63E3B60096E2E6 /* twitter_uikitUITests */,
			);
		};
/* End PBXProject section */

/* Begin PBXResourcesBuildPhase section */
		8D09DAC02C63E3B50096E2E6 /* Resources */ = {
			isa = PBXResourcesBuildPhase;
			buildActionMask = 2147483647;
			files = (
				8D09DACF2C63E3B60096E2E6 /* Assets.xcassets in Resources */,
				8D09DB122C65233B0096E2E6 /* Localizable.strings in Resources */,
			);
			runOnlyForDeploymentPostprocessing = 0;
		};
		8D09DAD62C63E3B60096E2E6 /* Resources */ = {
			isa = PBXResourcesBuildPhase;
			buildActionMask = 2147483647;
			files = (
			);
			runOnlyForDeploymentPostprocessing = 0;
		};
		8D09DAE02C63E3B60096E2E6 /* Resources */ = {
			isa = PBXResourcesBuildPhase;
			buildActionMask = 2147483647;
			files = (
			);
			runOnlyForDeploymentPostprocessing = 0;
		};
/* End PBXResourcesBuildPhase section */

/* Begin PBXSourcesBuildPhase section */
		8D09DABE2C63E3B50096E2E6 /* Sources */ = {
			isa = PBXSourcesBuildPhase;
			buildActionMask = 2147483647;
			files = (
				8D09DACA2C63E3B50096E2E6 /* LoginMainScene.swift in Sources */,
				8D09DB072C64C7FB0096E2E6 /* MainVisibilityViewModel.swift in Sources */,
				8D09DB0F2C6520F50096E2E6 /* Localizable.swift in Sources */,
				8D09DB0B2C64E9D30096E2E6 /* FontExtension.swift in Sources */,
				8D09DB0D2C64EA870096E2E6 /* ColorExtension.swift in Sources */,
				8D09DAC62C63E3B50096E2E6 /* AppDelegate.swift in Sources */,
				8D09DAFD2C64C0380096E2E6 /* LoginSceneModel.swift in Sources */,
				8D09DAC82C63E3B50096E2E6 /* SceneDelegate.swift in Sources */,
				8D09DB052C64C5F40096E2E6 /* MainVisibilityScene.swift in Sources */,
				8D09DB002C64C0770096E2E6 /* TwitterModel.swift in Sources */,
			);
			runOnlyForDeploymentPostprocessing = 0;
		};
		8D09DAD42C63E3B60096E2E6 /* Sources */ = {
			isa = PBXSourcesBuildPhase;
			buildActionMask = 2147483647;
			files = (
				8D09DADD2C63E3B60096E2E6 /* twitter_uikitTests.swift in Sources */,
			);
			runOnlyForDeploymentPostprocessing = 0;
		};
		8D09DADE2C63E3B60096E2E6 /* Sources */ = {
			isa = PBXSourcesBuildPhase;
			buildActionMask = 2147483647;
			files = (
				8D09DAE72C63E3B60096E2E6 /* twitter_uikitUITests.swift in Sources */,
				8D09DAE92C63E3B60096E2E6 /* twitter_uikitUITestsLaunchTests.swift in Sources */,
			);
			runOnlyForDeploymentPostprocessing = 0;
		};
/* End PBXSourcesBuildPhase section */

/* Begin PBXTargetDependency section */
		8D09DADA2C63E3B60096E2E6 /* PBXTargetDependency */ = {
			isa = PBXTargetDependency;
			target = 8D09DAC12C63E3B50096E2E6 /* twitter_uikit */;
			targetProxy = 8D09DAD92C63E3B60096E2E6 /* PBXContainerItemProxy */;
		};
		8D09DAE42C63E3B60096E2E6 /* PBXTargetDependency */ = {
			isa = PBXTargetDependency;
			target = 8D09DAC12C63E3B50096E2E6 /* twitter_uikit */;
			targetProxy = 8D09DAE32C63E3B60096E2E6 /* PBXContainerItemProxy */;
		};
/* End PBXTargetDependency section */

/* Begin PBXVariantGroup section */
		8D09DB102C65233B0096E2E6 /* Localizable.strings */ = {
			isa = PBXVariantGroup;
			children = (
				8D09DB112C65233B0096E2E6 /* en */,
				8D09DB132C6523410096E2E6 /* ru */,
			);
			name = Localizable.strings;
			sourceTree = "<group>";
		};
/* End PBXVariantGroup section */

/* Begin XCBuildConfiguration section */
		8D09DAEA2C63E3B60096E2E6 /* Debug */ = {
			isa = XCBuildConfiguration;
			buildSettings = {
				ALWAYS_SEARCH_USER_PATHS = NO;
				ASSETCATALOG_COMPILER_GENERATE_SWIFT_ASSET_SYMBOL_EXTENSIONS = YES;
				CLANG_ANALYZER_NONNULL = YES;
				CLANG_ANALYZER_NUMBER_OBJECT_CONVERSION = YES_AGGRESSIVE;
				CLANG_CXX_LANGUAGE_STANDARD = "gnu++20";
				CLANG_ENABLE_MODULES = YES;
				CLANG_ENABLE_OBJC_ARC = YES;
				CLANG_ENABLE_OBJC_WEAK = YES;
				CLANG_WARN_BLOCK_CAPTURE_AUTORELEASING = YES;
				CLANG_WARN_BOOL_CONVERSION = YES;
				CLANG_WARN_COMMA = YES;
				CLANG_WARN_CONSTANT_CONVERSION = YES;
				CLANG_WARN_DEPRECATED_OBJC_IMPLEMENTATIONS = YES;
				CLANG_WARN_DIRECT_OBJC_ISA_USAGE = YES_ERROR;
				CLANG_WARN_DOCUMENTATION_COMMENTS = YES;
				CLANG_WARN_EMPTY_BODY = YES;
				CLANG_WARN_ENUM_CONVERSION = YES;
				CLANG_WARN_INFINITE_RECURSION = YES;
				CLANG_WARN_INT_CONVERSION = YES;
				CLANG_WARN_NON_LITERAL_NULL_CONVERSION = YES;
				CLANG_WARN_OBJC_IMPLICIT_RETAIN_SELF = YES;
				CLANG_WARN_OBJC_LITERAL_CONVERSION = YES;
				CLANG_WARN_OBJC_ROOT_CLASS = YES_ERROR;
				CLANG_WARN_QUOTED_INCLUDE_IN_FRAMEWORK_HEADER = YES;
				CLANG_WARN_RANGE_LOOP_ANALYSIS = YES;
				CLANG_WARN_STRICT_PROTOTYPES = YES;
				CLANG_WARN_SUSPICIOUS_MOVE = YES;
				CLANG_WARN_UNGUARDED_AVAILABILITY = YES_AGGRESSIVE;
				CLANG_WARN_UNREACHABLE_CODE = YES;
				CLANG_WARN__DUPLICATE_METHOD_MATCH = YES;
				COPY_PHASE_STRIP = NO;
				DEBUG_INFORMATION_FORMAT = dwarf;
				ENABLE_STRICT_OBJC_MSGSEND = YES;
				ENABLE_TESTABILITY = YES;
				ENABLE_USER_SCRIPT_SANDBOXING = YES;
				GCC_C_LANGUAGE_STANDARD = gnu17;
				GCC_DYNAMIC_NO_PIC = NO;
				GCC_NO_COMMON_BLOCKS = YES;
				GCC_OPTIMIZATION_LEVEL = 0;
				GCC_PREPROCESSOR_DEFINITIONS = (
					"DEBUG=1",
					"$(inherited)",
				);
				GCC_WARN_64_TO_32_BIT_CONVERSION = YES;
				GCC_WARN_ABOUT_RETURN_TYPE = YES_ERROR;
				GCC_WARN_UNDECLARED_SELECTOR = YES;
				GCC_WARN_UNINITIALIZED_AUTOS = YES_AGGRESSIVE;
				GCC_WARN_UNUSED_FUNCTION = YES;
				GCC_WARN_UNUSED_VARIABLE = YES;
				IPHONEOS_DEPLOYMENT_TARGET = 17.5;
				LOCALIZATION_PREFERS_STRING_CATALOGS = YES;
				MTL_ENABLE_DEBUG_INFO = INCLUDE_SOURCE;
				MTL_FAST_MATH = YES;
				ONLY_ACTIVE_ARCH = YES;
				SDKROOT = iphoneos;
				SWIFT_ACTIVE_COMPILATION_CONDITIONS = "DEBUG $(inherited)";
				SWIFT_OPTIMIZATION_LEVEL = "-Onone";
			};
			name = Debug;
		};
		8D09DAEB2C63E3B60096E2E6 /* Release */ = {
			isa = XCBuildConfiguration;
			buildSettings = {
				ALWAYS_SEARCH_USER_PATHS = NO;
				ASSETCATALOG_COMPILER_GENERATE_SWIFT_ASSET_SYMBOL_EXTENSIONS = YES;
				CLANG_ANALYZER_NONNULL = YES;
				CLANG_ANALYZER_NUMBER_OBJECT_CONVERSION = YES_AGGRESSIVE;
				CLANG_CXX_LANGUAGE_STANDARD = "gnu++20";
				CLANG_ENABLE_MODULES = YES;
				CLANG_ENABLE_OBJC_ARC = YES;
				CLANG_ENABLE_OBJC_WEAK = YES;
				CLANG_WARN_BLOCK_CAPTURE_AUTORELEASING = YES;
				CLANG_WARN_BOOL_CONVERSION = YES;
				CLANG_WARN_COMMA = YES;
				CLANG_WARN_CONSTANT_CONVERSION = YES;
				CLANG_WARN_DEPRECATED_OBJC_IMPLEMENTATIONS = YES;
				CLANG_WARN_DIRECT_OBJC_ISA_USAGE = YES_ERROR;
				CLANG_WARN_DOCUMENTATION_COMMENTS = YES;
				CLANG_WARN_EMPTY_BODY = YES;
				CLANG_WARN_ENUM_CONVERSION = YES;
				CLANG_WARN_INFINITE_RECURSION = YES;
				CLANG_WARN_INT_CONVERSION = YES;
				CLANG_WARN_NON_LITERAL_NULL_CONVERSION = YES;
				CLANG_WARN_OBJC_IMPLICIT_RETAIN_SELF = YES;
				CLANG_WARN_OBJC_LITERAL_CONVERSION = YES;
				CLANG_WARN_OBJC_ROOT_CLASS = YES_ERROR;
				CLANG_WARN_QUOTED_INCLUDE_IN_FRAMEWORK_HEADER = YES;
				CLANG_WARN_RANGE_LOOP_ANALYSIS = YES;
				CLANG_WARN_STRICT_PROTOTYPES = YES;
				CLANG_WARN_SUSPICIOUS_MOVE = YES;
				CLANG_WARN_UNGUARDED_AVAILABILITY = YES_AGGRESSIVE;
				CLANG_WARN_UNREACHABLE_CODE = YES;
				CLANG_WARN__DUPLICATE_METHOD_MATCH = YES;
				COPY_PHASE_STRIP = NO;
				DEBUG_INFORMATION_FORMAT = "dwarf-with-dsym";
				ENABLE_NS_ASSERTIONS = NO;
				ENABLE_STRICT_OBJC_MSGSEND = YES;
				ENABLE_USER_SCRIPT_SANDBOXING = YES;
				GCC_C_LANGUAGE_STANDARD = gnu17;
				GCC_NO_COMMON_BLOCKS = YES;
				GCC_WARN_64_TO_32_BIT_CONVERSION = YES;
				GCC_WARN_ABOUT_RETURN_TYPE = YES_ERROR;
				GCC_WARN_UNDECLARED_SELECTOR = YES;
				GCC_WARN_UNINITIALIZED_AUTOS = YES_AGGRESSIVE;
				GCC_WARN_UNUSED_FUNCTION = YES;
				GCC_WARN_UNUSED_VARIABLE = YES;
				IPHONEOS_DEPLOYMENT_TARGET = 17.5;
				LOCALIZATION_PREFERS_STRING_CATALOGS = YES;
				MTL_ENABLE_DEBUG_INFO = NO;
				MTL_FAST_MATH = YES;
				SDKROOT = iphoneos;
				SWIFT_COMPILATION_MODE = wholemodule;
				VALIDATE_PRODUCT = YES;
			};
			name = Release;
		};
		8D09DAED2C63E3B60096E2E6 /* Debug */ = {
			isa = XCBuildConfiguration;
			buildSettings = {
				ASSETCATALOG_COMPILER_APPICON_NAME = AppIcon;
				ASSETCATALOG_COMPILER_GLOBAL_ACCENT_COLOR_NAME = AccentColor;
				CODE_SIGN_STYLE = Automatic;
				CURRENT_PROJECT_VERSION = 1;
				DEVELOPMENT_TEAM = V36RW5TG62;
				GENERATE_INFOPLIST_FILE = YES;
				INFOPLIST_FILE = twitter_uikit/Resources/Info.plist;
				INFOPLIST_KEY_UIApplicationSupportsIndirectInputEvents = YES;
				INFOPLIST_KEY_UILaunchStoryboardName = LaunchScreen;
				INFOPLIST_KEY_UISupportedInterfaceOrientations_iPad = "UIInterfaceOrientationPortrait UIInterfaceOrientationPortraitUpsideDown UIInterfaceOrientationLandscapeLeft UIInterfaceOrientationLandscapeRight";
				INFOPLIST_KEY_UISupportedInterfaceOrientations_iPhone = "UIInterfaceOrientationPortrait UIInterfaceOrientationLandscapeLeft UIInterfaceOrientationLandscapeRight";
				LD_RUNPATH_SEARCH_PATHS = (
					"$(inherited)",
					"@executable_path/Frameworks",
				);
				MARKETING_VERSION = 1.0;
				PRODUCT_BUNDLE_IDENTIFIER = "learning.twitter-uikit";
				PRODUCT_NAME = "$(TARGET_NAME)";
				SWIFT_EMIT_LOC_STRINGS = YES;
				SWIFT_VERSION = 5.0;
				TARGETED_DEVICE_FAMILY = "1,2";
			};
			name = Debug;
		};
		8D09DAEE2C63E3B60096E2E6 /* Release */ = {
			isa = XCBuildConfiguration;
			buildSettings = {
				ASSETCATALOG_COMPILER_APPICON_NAME = AppIcon;
				ASSETCATALOG_COMPILER_GLOBAL_ACCENT_COLOR_NAME = AccentColor;
				CODE_SIGN_STYLE = Automatic;
				CURRENT_PROJECT_VERSION = 1;
				DEVELOPMENT_TEAM = V36RW5TG62;
				GENERATE_INFOPLIST_FILE = YES;
				INFOPLIST_FILE = twitter_uikit/Resources/Info.plist;
				INFOPLIST_KEY_UIApplicationSupportsIndirectInputEvents = YES;
				INFOPLIST_KEY_UILaunchStoryboardName = LaunchScreen;
				INFOPLIST_KEY_UISupportedInterfaceOrientations_iPad = "UIInterfaceOrientationPortrait UIInterfaceOrientationPortraitUpsideDown UIInterfaceOrientationLandscapeLeft UIInterfaceOrientationLandscapeRight";
				INFOPLIST_KEY_UISupportedInterfaceOrientations_iPhone = "UIInterfaceOrientationPortrait UIInterfaceOrientationLandscapeLeft UIInterfaceOrientationLandscapeRight";
				LD_RUNPATH_SEARCH_PATHS = (
					"$(inherited)",
					"@executable_path/Frameworks",
				);
				MARKETING_VERSION = 1.0;
				PRODUCT_BUNDLE_IDENTIFIER = "learning.twitter-uikit";
				PRODUCT_NAME = "$(TARGET_NAME)";
				SWIFT_EMIT_LOC_STRINGS = YES;
				SWIFT_VERSION = 5.0;
				TARGETED_DEVICE_FAMILY = "1,2";
			};
			name = Release;
		};
		8D09DAF02C63E3B60096E2E6 /* Debug */ = {
			isa = XCBuildConfiguration;
			buildSettings = {
				ALWAYS_EMBED_SWIFT_STANDARD_LIBRARIES = YES;
				BUNDLE_LOADER = "$(TEST_HOST)";
				CODE_SIGN_STYLE = Automatic;
				CURRENT_PROJECT_VERSION = 1;
				DEVELOPMENT_TEAM = V36RW5TG62;
				GENERATE_INFOPLIST_FILE = YES;
				IPHONEOS_DEPLOYMENT_TARGET = 17.5;
				MARKETING_VERSION = 1.0;
				PRODUCT_BUNDLE_IDENTIFIER = "learning.twitter-uikitTests";
				PRODUCT_NAME = "$(TARGET_NAME)";
				SWIFT_EMIT_LOC_STRINGS = NO;
				SWIFT_VERSION = 5.0;
				TARGETED_DEVICE_FAMILY = "1,2";
				TEST_HOST = "$(BUILT_PRODUCTS_DIR)/twitter_uikit.app/$(BUNDLE_EXECUTABLE_FOLDER_PATH)/twitter_uikit";
			};
			name = Debug;
		};
		8D09DAF12C63E3B60096E2E6 /* Release */ = {
			isa = XCBuildConfiguration;
			buildSettings = {
				ALWAYS_EMBED_SWIFT_STANDARD_LIBRARIES = YES;
				BUNDLE_LOADER = "$(TEST_HOST)";
				CODE_SIGN_STYLE = Automatic;
				CURRENT_PROJECT_VERSION = 1;
				DEVELOPMENT_TEAM = V36RW5TG62;
				GENERATE_INFOPLIST_FILE = YES;
				IPHONEOS_DEPLOYMENT_TARGET = 17.5;
				MARKETING_VERSION = 1.0;
				PRODUCT_BUNDLE_IDENTIFIER = "learning.twitter-uikitTests";
				PRODUCT_NAME = "$(TARGET_NAME)";
				SWIFT_EMIT_LOC_STRINGS = NO;
				SWIFT_VERSION = 5.0;
				TARGETED_DEVICE_FAMILY = "1,2";
				TEST_HOST = "$(BUILT_PRODUCTS_DIR)/twitter_uikit.app/$(BUNDLE_EXECUTABLE_FOLDER_PATH)/twitter_uikit";
			};
			name = Release;
		};
		8D09DAF32C63E3B60096E2E6 /* Debug */ = {
			isa = XCBuildConfiguration;
			buildSettings = {
				ALWAYS_EMBED_SWIFT_STANDARD_LIBRARIES = YES;
				CODE_SIGN_STYLE = Automatic;
				CURRENT_PROJECT_VERSION = 1;
				DEVELOPMENT_TEAM = V36RW5TG62;
				GENERATE_INFOPLIST_FILE = YES;
				MARKETING_VERSION = 1.0;
				PRODUCT_BUNDLE_IDENTIFIER = "learning.twitter-uikitUITests";
				PRODUCT_NAME = "$(TARGET_NAME)";
				SWIFT_EMIT_LOC_STRINGS = NO;
				SWIFT_VERSION = 5.0;
				TARGETED_DEVICE_FAMILY = "1,2";
				TEST_TARGET_NAME = twitter_uikit;
			};
			name = Debug;
		};
		8D09DAF42C63E3B60096E2E6 /* Release */ = {
			isa = XCBuildConfiguration;
			buildSettings = {
				ALWAYS_EMBED_SWIFT_STANDARD_LIBRARIES = YES;
				CODE_SIGN_STYLE = Automatic;
				CURRENT_PROJECT_VERSION = 1;
				DEVELOPMENT_TEAM = V36RW5TG62;
				GENERATE_INFOPLIST_FILE = YES;
				MARKETING_VERSION = 1.0;
				PRODUCT_BUNDLE_IDENTIFIER = "learning.twitter-uikitUITests";
				PRODUCT_NAME = "$(TARGET_NAME)";
				SWIFT_EMIT_LOC_STRINGS = NO;
				SWIFT_VERSION = 5.0;
				TARGETED_DEVICE_FAMILY = "1,2";
				TEST_TARGET_NAME = twitter_uikit;
			};
			name = Release;
		};
/* End XCBuildConfiguration section */

/* Begin XCConfigurationList section */
		8D09DABD2C63E3B50096E2E6 /* Build configuration list for PBXProject "twitter_uikit" */ = {
			isa = XCConfigurationList;
			buildConfigurations = (
				8D09DAEA2C63E3B60096E2E6 /* Debug */,
				8D09DAEB2C63E3B60096E2E6 /* Release */,
			);
			defaultConfigurationIsVisible = 0;
			defaultConfigurationName = Release;
		};
		8D09DAEC2C63E3B60096E2E6 /* Build configuration list for PBXNativeTarget "twitter_uikit" */ = {
			isa = XCConfigurationList;
			buildConfigurations = (
				8D09DAED2C63E3B60096E2E6 /* Debug */,
				8D09DAEE2C63E3B60096E2E6 /* Release */,
			);
			defaultConfigurationIsVisible = 0;
			defaultConfigurationName = Release;
		};
		8D09DAEF2C63E3B60096E2E6 /* Build configuration list for PBXNativeTarget "twitter_uikitTests" */ = {
			isa = XCConfigurationList;
			buildConfigurations = (
				8D09DAF02C63E3B60096E2E6 /* Debug */,
				8D09DAF12C63E3B60096E2E6 /* Release */,
			);
			defaultConfigurationIsVisible = 0;
			defaultConfigurationName = Release;
		};
		8D09DAF22C63E3B60096E2E6 /* Build configuration list for PBXNativeTarget "twitter_uikitUITests" */ = {
			isa = XCConfigurationList;
			buildConfigurations = (
				8D09DAF32C63E3B60096E2E6 /* Debug */,
				8D09DAF42C63E3B60096E2E6 /* Release */,
			);
			defaultConfigurationIsVisible = 0;
			defaultConfigurationName = Release;
		};
/* End XCConfigurationList section */
	};
	rootObject = 8D09DABA2C63E3B50096E2E6 /* Project object */;
}
